{
  "name": "rotterdam_logistics_blocklab",
  "version": "0.0.1",
  "lockfileVersion": 1,
  "requires": true,
  "dependencies": {
    "curlrequest": {
      "version": "1.0.1",
      "resolved": "https://registry.npmjs.org/curlrequest/-/curlrequest-1.0.1.tgz",
      "integrity": "sha1-zT2OBOgdeZawoc2XFssJ1QtB1Q8="
    }
  }
}
